
Microsoft Visual Studio Solution File, Format Version 12.00
# Visual Studio Version 16
VisualStudioVersion = 16.0.31205.134
MinimumVisualStudioVersion = 10.0.40219.1
Project("{FAE04EC0-301F-11D3-BF4B-00C04F79EFBC}") = "SignUp", "SignUp\SignUp.csproj", "{8CE6BF8B-53A2-47CD-A497-8ABB744C44B5}"
EndProject
Global
	GlobalSection(SolutionConfigurationPlatforms) = preSolution
		Debug|Any CPU = Debug|Any CPU
		Release|Any CPU = Release|Any CPU
	EndGlobalSection
	GlobalSection(ProjectConfigurationPlatforms) = postSolution
		{8CE6BF8B-53A2-47CD-A497-8ABB744C44B5}.Debug|Any CPU.ActiveCfg = Debug|Any CPU
		{8CE6BF8B-53A2-47CD-A497-8ABB744C44B5}.Debug|Any CPU.Build.0 = Debug|Any CPU
		{8CE6BF8B-53A2-47CD-A497-8ABB744C44B5}.Release|Any CPU.ActiveCfg = Release|Any CPU
		{8CE6BF8B-53A2-47CD-A497-8ABB744C44B5}.Release|Any CPU.Build.0 = Release|Any CPU
	EndGlobalSection
	GlobalSection(SolutionProperties) = preSolution
		HideSolutionNode = FALSE
	EndGlobalSection
	GlobalSection(ExtensibilityGlobals) = postSolution
		SolutionGuid = {795BBB83-8DFE-49F2-B8D6-657030D38711}
	EndGlobalSection
EndGlobal
